// !$*UTF8*$!
{
	archiveVersion = 1;
	classes = {
	};
	objectVersion = 46;
	objects = {

/* Begin PBXBuildFile section */
		924A86DA1CD7992E006211BF /* AppDelegate.swift in Sources */ = {isa = PBXBuildFile; fileRef = 924A86D91CD7992E006211BF /* AppDelegate.swift */; };
		924A86DC1CD7992E006211BF /* ViewController.swift in Sources */ = {isa = PBXBuildFile; fileRef = 924A86DB1CD7992E006211BF /* ViewController.swift */; };
		924A86DF1CD7992E006211BF /* Main.storyboard in Resources */ = {isa = PBXBuildFile; fileRef = 924A86DD1CD7992E006211BF /* Main.storyboard */; };
		924A86E11CD7992F006211BF /* Assets.xcassets in Resources */ = {isa = PBXBuildFile; fileRef = 924A86E01CD7992F006211BF /* Assets.xcassets */; };
		924A86E41CD7992F006211BF /* LaunchScreen.storyboard in Resources */ = {isa = PBXBuildFile; fileRef = 924A86E21CD7992F006211BF /* LaunchScreen.storyboard */; };
		924A86ED1CD79D8B006211BF /* CalculatorBrain.swift in Sources */ = {isa = PBXBuildFile; fileRef = 924A86EC1CD79D8B006211BF /* CalculatorBrain.swift */; };
/* End PBXBuildFile section */

/* Begin PBXFileReference section */
		924A86D61CD7992E006211BF /* Calculator.app */ = {isa = PBXFileReference; explicitFileType = wrapper.application; includeInIndex = 0; path = Calculator.app; sourceTree = BUILT_PRODUCTS_DIR; };
		924A86D91CD7992E006211BF /* AppDelegate.swift */ = {isa = PBXFileReference; lastKnownFileType = sourcecode.swift; path = AppDelegate.swift; sourceTree = "<group>"; };
		924A86DB1CD7992E006211BF /* ViewController.swift */ = {isa = PBXFileReference; lastKnownFileType = sourcecode.swift; path = ViewController.swift; sourceTree = "<group>"; };
		924A86DE1CD7992E006211BF /* Base */ = {isa = PBXFileReference; lastKnownFileType = file.storyboard; name = Base; path = Base.lproj/Main.storyboard; sourceTree = "<group>"; };
		924A86E01CD7992F006211BF /* Assets.xcassets */ = {isa = PBXFileReference; lastKnownFileType = folder.assetcatalog; path = Assets.xcassets; sourceTree = "<group>"; };
		924A86E31CD7992F006211BF /* Base */ = {isa = PBXFileReference; lastKnownFileType = file.storyboard; name = Base; path = Base.lproj/LaunchScreen.storyboard; sourceTree = "<group>"; };
		924A86E51CD7992F006211BF /* Info.plist */ = {isa = PBXFileReference; lastKnownFileType = text.plist.xml; path = Info.plist; sourceTree = "<group>"; };
		924A86EC1CD79D8B006211BF /* CalculatorBrain.swift */ = {isa = PBXFileReference; fileEncoding = 4; lastKnownFileType = sourcecode.swift; path = CalculatorBrain.swift; sourceTree = "<group>"; };
/* End PBXFileReference section */

/* Begin PBXFrameworksBuildPhase section */
		924A86D31CD7992E006211BF /* Frameworks */ = {
			isa = PBXFrameworksBuildPhase;
			buildActionMask = 2147483647;
			files = (
			);
			runOnlyForDeploymentPostprocessing = 0;
		};
/* End PBXFrameworksBuildPhase section */

/* Begin PBXGroup section */
		924A86CD1CD7992E006211BF = {
			isa = PBXGroup;
			children = (
				924A86D81CD7992E006211BF /* Calculator */,
				924A86D71CD7992E006211BF /* Products */,
			);
			sourceTree = "<group>";
		};
		924A86D71CD7992E006211BF /* Products */ = {
			isa = PBXGroup;
			children = (
				924A86D61CD7992E006211BF /* Calculator.app */,
			);
			name = Products;
			sourceTree = "<group>";
		};
		924A86D81CD7992E006211BF /* Calculator */ = {
			isa = PBXGroup;
			children = (
				924A86EB1CD79B40006211BF /* Supporting Files */,
				924A86DB1CD7992E006211BF /* ViewController.swift */,
				924A86DD1CD7992E006211BF /* Main.storyboard */,
				924A86EC1CD79D8B006211BF /* CalculatorBrain.swift */,
			);
			path = Calculator;
			sourceTree = "<group>";
		};
		924A86EB1CD79B40006211BF /* Supporting Files */ = {
			isa = PBXGroup;
			children = (
				924A86D91CD7992E006211BF /* AppDelegate.swift */,
				924A86E01CD7992F006211BF /* Assets.xcassets */,
				924A86E21CD7992F006211BF /* LaunchScreen.storyboard */,
				924A86E51CD7992F006211BF /* Info.plist */,
			);
			name = "Supporting Files";
			sourceTree = "<group>";
		};
/* End PBXGroup section */

/* Begin PBXNativeTarget section */
		924A86D51CD7992E006211BF /* Calculator */ = {
			isa = PBXNativeTarget;
			buildConfigurationList = 924A86E81CD7992F006211BF /* Build configuration list for PBXNativeTarget "Calculator" */;
			buildPhases = (
				924A86D21CD7992E006211BF /* Sources */,
				924A86D31CD7992E006211BF /* Frameworks */,
				924A86D41CD7992E006211BF /* Resources */,
			);
			buildRules = (
			);
			dependencies = (
			);
			name = Calculator;
			productName = Calculator;
			productReference = 924A86D61CD7992E006211BF /* Calculator.app */;
			productType = "com.apple.product-type.application";
		};
/* End PBXNativeTarget section */

/* Begin PBXProject section */
		924A86CE1CD7992E006211BF /* Project object */ = {
			isa = PBXProject;
			attributes = {
				LastSwiftUpdateCheck = 0730;
				LastUpgradeCheck = 0730;
				ORGANIZATIONNAME = "Vladimir Burmistrovich";
				TargetAttributes = {
					924A86D51CD7992E006211BF = {
						CreatedOnToolsVersion = 7.3;
						DevelopmentTeam = 7B6BJ8WR9X;
					};
				};
			};
			buildConfigurationList = 924A86D11CD7992E006211BF /* Build configuration list for PBXProject "Calculator" */;
			compatibilityVersion = "Xcode 3.2";
			developmentRegion = English;
			hasScannedForEncodings = 0;
			knownRegions = (
				en,
				Base,
			);
			mainGroup = 924A86CD1CD7992E006211BF;
			productRefGroup = 924A86D71CD7992E006211BF /* Products */;
			projectDirPath = "";
			projectRoot = "";
			targets = (
				924A86D51CD7992E006211BF /* Calculator */,
			);
		};
/* End PBXProject section */

/* Begin PBXResourcesBuildPhase section */
		924A86D41CD7992E006211BF /* Resources */ = {
			isa = PBXResourcesBuildPhase;
			buildActionMask = 2147483647;
			files = (
				924A86E41CD7992F006211BF /* LaunchScreen.storyboard in Resources */,
				924A86E11CD7992F006211BF /* Assets.xcassets in Resources */,
				924A86DF1CD7992E006211BF /* Main.storyboard in Resources */,
			);
			runOnlyForDeploymentPostprocessing = 0;
		};
/* End PBXResourcesBuildPhase section */

/* Begin PBXSourcesBuildPhase section */
		924A86D21CD7992E006211BF /* Sources */ = {
			isa = PBXSourcesBuildPhase;
			buildActionMask = 2147483647;
			files = (
				924A86ED1CD79D8B006211BF /* CalculatorBrain.swift in Sources */,
				924A86DC1CD7992E006211BF /* ViewController.swift in Sources */,
				924A86DA1CD7992E006211BF /* AppDelegate.swift in Sources */,
			);
			runOnlyForDeploymentPostprocessing = 0;
		};
/* End PBXSourcesBuildPhase section */

/* Begin PBXVariantGroup section */
		924A86DD1CD7992E006211BF /* Main.storyboard */ = {
			isa = PBXVariantGroup;
			children = (
				924A86DE1CD7992E006211BF /* Base */,
			);
			name = Main.storyboard;
			sourceTree = "<group>";
		};
		924A86E21CD7992F006211BF /* LaunchScreen.storyboard */ = {
			isa = PBXVariantGroup;
			children = (
				924A86E31CD7992F006211BF /* Base */,
			);
			name = LaunchScreen.storyboard;
			sourceTree = "<group>";
		};
/* End PBXVariantGroup section */

/* Begin XCBuildConfiguration section */
		924A86E61CD7992F006211BF /* Debug */ = {
			isa = XCBuildConfiguration;
			buildSettings = {
				ALWAYS_SEARCH_USER_PATHS = NO;
				CLANG_ANALYZER_NONNULL = YES;
				CLANG_CXX_LANGUAGE_STANDARD = "gnu++0x";
				CLANG_CXX_LIBRARY = "libc++";
				CLANG_ENABLE_MODULES = YES;
				CLANG_ENABLE_OBJC_ARC = YES;
				CLANG_WARN_BOOL_CONVERSION = YES;
				CLANG_WARN_CONSTANT_CONVERSION = YES;
				CLANG_WARN_DIRECT_OBJC_ISA_USAGE = YES_ERROR;
				CLANG_WARN_EMPTY_BODY = YES;
				CLANG_WARN_ENUM_CONVERSION = YES;
				CLANG_WARN_INT_CONVERSION = YES;
				CLANG_WARN_OBJC_ROOT_CLASS = YES_ERROR;
				CLANG_WARN_UNREACHABLE_CODE = YES;
				CLANG_WARN__DUPLICATE_METHOD_MATCH = YES;
				"CODE_SIGN_IDENTITY[sdk=iphoneos*]" = "iPhone Developer";
				COPY_PHASE_STRIP = NO;
				DEBUG_INFORMATION_FORMAT = dwarf;
				ENABLE_STRICT_OBJC_MSGSEND = YES;
				ENABLE_TESTABILITY = YES;
				GCC_C_LANGUAGE_STANDARD = gnu99;
				GCC_DYNAMIC_NO_PIC = NO;
				GCC_NO_COMMON_BLOCKS = YES;
				GCC_OPTIMIZATION_LEVEL = 0;
				GCC_PREPROCESSOR_DEFINITIONS = (
					"DEBUG=1",
					"$(inherited)",
				);
				GCC_WARN_64_TO_32_BIT_CONVERSION = YES;
				GCC_WARN_ABOUT_RETURN_TYPE = YES_ERROR;
				GCC_WARN_UNDECLARED_SELECTOR = YES;
				GCC_WARN_UNINITIALIZED_AUTOS = YES_AGGRESSIVE;
				GCC_WARN_UNUSED_FUNCTION = YES;
				GCC_WARN_UNUSED_VARIABLE = YES;
				IPHONEOS_DEPLOYMENT_TARGET = 9.3;
				MTL_ENABLE_DEBUG_INFO = YES;
				ONLY_ACTIVE_ARCH = YES;
				SDKROOT = iphoneos;
				SWIFT_OPTIMIZATION_LEVEL = "-Onone";
				TARGETED_DEVICE_FAMILY = "1,2";
			};
			name = Debug;
		};
		924A86E71CD7992F006211BF /* Release */ = {
			isa = XCBuildConfiguration;
			buildSettings = {
				ALWAYS_SEARCH_USER_PATHS = NO;
				CLANG_ANALYZER_NONNULL = YES;
				CLANG_CXX_LANGUAGE_STANDARD = "gnu++0x";
				CLANG_CXX_LIBRARY = "libc++";
				CLANG_ENABLE_MODULES = YES;
				CLANG_ENABLE_OBJC_ARC = YES;
				CLANG_WARN_BOOL_CONVERSION = YES;
				CLANG_WARN_CONSTANT_CONVERSION = YES;
				CLANG_WARN_DIRECT_OBJC_ISA_USAGE = YES_ERROR;
				CLANG_WARN_EMPTY_BODY = YES;
				CLANG_WARN_ENUM_CONVERSION = YES;
				CLANG_WARN_INT_CONVERSION = YES;
				CLANG_WARN_OBJC_ROOT_CLASS = YES_ERROR;
				CLANG_WARN_UNREACHABLE_CODE = YES;
				CLANG_WARN__DUPLICATE_METHOD_MATCH = YES;
				"CODE_SIGN_IDENTITY[sdk=iphoneos*]" = "iPhone Developer";
				COPY_PHASE_STRIP = NO;
				DEBUG_INFORMATION_FORMAT = "dwarf-with-dsym";
				ENABLE_NS_ASSERTIONS = NO;
				ENABLE_STRICT_OBJC_MSGSEND = YES;
				GCC_C_LANGUAGE_STANDARD = gnu99;
				GCC_NO_COMMON_BLOCKS = YES;
				GCC_WARN_64_TO_32_BIT_CONVERSION = YES;
				GCC_WARN_ABOUT_RETURN_TYPE = YES_ERROR;
				GCC_WARN_UNDECLARED_SELECTOR = YES;
				GCC_WARN_UNINITIALIZED_AUTOS = YES_AGGRESSIVE;
				GCC_WARN_UNUSED_FUNCTION = YES;
				GCC_WARN_UNUSED_VARIABLE = YES;
				IPHONEOS_DEPLOYMENT_TARGET = 9.3;
				MTL_ENABLE_DEBUG_INFO = NO;
				SDKROOT = iphoneos;
				TARGETED_DEVICE_FAMILY = "1,2";
				VALIDATE_PRODUCT = YES;
			};
			name = Release;
		};
		924A86E91CD7992F006211BF /* Debug */ = {
			isa = XCBuildConfiguration;
			buildSettings = {
				ASSETCATALOG_COMPILER_APPICON_NAME = AppIcon;
				CODE_SIGN_IDENTITY = "iPhone Developer";
				"CODE_SIGN_IDENTITY[sdk=iphoneos*]" = "iPhone Developer";
				INFOPLIST_FILE = Calculator/Info.plist;
				LD_RUNPATH_SEARCH_PATHS = "$(inherited) @executable_path/Frameworks";
				PRODUCT_BUNDLE_IDENTIFIER = com.burmistrovich.Calculator;
				PRODUCT_NAME = "$(TARGET_NAME)";
				PROVISIONING_PROFILE = "";
			};
			name = Debug;
		};
		924A86EA1CD7992F006211BF /* Release */ = {
			isa = XCBuildConfiguration;
			buildSettings = {
				ASSETCATALOG_COMPILER_APPICON_NAME = AppIcon;
				CODE_SIGN_IDENTITY = "iPhone Developer";
				"CODE_SIGN_IDENTITY[sdk=iphoneos*]" = "iPhone Developer";
				INFOPLIST_FILE = Calculator/Info.plist;
				LD_RUNPATH_SEARCH_PATHS = "$(inherited) @executable_path/Frameworks";
				PRODUCT_BUNDLE_IDENTIFIER = com.burmistrovich.Calculator;
				PRODUCT_NAME = "$(TARGET_NAME)";
				PROVISIONING_PROFILE = "";
			};
			name = Release;
		};
/* End XCBuildConfiguration section */

/* Begin XCConfigurationList section */
		924A86D11CD7992E006211BF /* Build configuration list for PBXProject "Calculator" */ = {
			isa = XCConfigurationList;
			buildConfigurations = (
				924A86E61CD7992F006211BF /* Debug */,
				924A86E71CD7992F006211BF /* Release */,
			);
			defaultConfigurationIsVisible = 0;
			defaultConfigurationName = Release;
		};
		924A86E81CD7992F006211BF /* Build configuration list for PBXNativeTarget "Calculator" */ = {
			isa = XCConfigurationList;
			buildConfigurations = (
				924A86E91CD7992F006211BF /* Debug */,
				924A86EA1CD7992F006211BF /* Release */,
			);
			defaultConfigurationIsVisible = 0;
		};
/* End XCConfigurationList section */
	};
	rootObject = 924A86CE1CD7992E006211BF /* Project object */;
}
